// !$*UTF8*$!
{
	archiveVersion = 1;
	classes = {
	};
	objectVersion = 46;
	objects = {

/* Begin PBXBuildFile section */
		52F7B3381C584860009F67ED /* AppDelegate.swift in Sources */ = {isa = PBXBuildFile; fileRef = 52F7B3371C584860009F67ED /* AppDelegate.swift */; };
		52F7B33A1C584860009F67ED /* ViewController.swift in Sources */ = {isa = PBXBuildFile; fileRef = 52F7B3391C584860009F67ED /* ViewController.swift */; };
		52F7B33D1C584860009F67ED /* Main.storyboard in Resources */ = {isa = PBXBuildFile; fileRef = 52F7B33B1C584860009F67ED /* Main.storyboard */; };
		52F7B33F1C584860009F67ED /* Assets.xcassets in Resources */ = {isa = PBXBuildFile; fileRef = 52F7B33E1C584860009F67ED /* Assets.xcassets */; };
		52F7B3421C584860009F67ED /* LaunchScreen.storyboard in Resources */ = {isa = PBXBuildFile; fileRef = 52F7B3401C584860009F67ED /* LaunchScreen.storyboard */; };
		52F7B34D1C584860009F67ED /* PokeDexTests.swift in Sources */ = {isa = PBXBuildFile; fileRef = 52F7B34C1C584860009F67ED /* PokeDexTests.swift */; };
		52F7B3581C584861009F67ED /* PokeDexUITests.swift in Sources */ = {isa = PBXBuildFile; fileRef = 52F7B3571C584861009F67ED /* PokeDexUITests.swift */; };
/* End PBXBuildFile section */

/* Begin PBXContainerItemProxy section */
		52F7B3491C584860009F67ED /* PBXContainerItemProxy */ = {
			isa = PBXContainerItemProxy;
			containerPortal = 52F7B32C1C584860009F67ED /* Project object */;
			proxyType = 1;
			remoteGlobalIDString = 52F7B3331C584860009F67ED;
			remoteInfo = PokeDex;
		};
		52F7B3541C584860009F67ED /* PBXContainerItemProxy */ = {
			isa = PBXContainerItemProxy;
			containerPortal = 52F7B32C1C584860009F67ED /* Project object */;
			proxyType = 1;
			remoteGlobalIDString = 52F7B3331C584860009F67ED;
			remoteInfo = PokeDex;
		};
/* End PBXContainerItemProxy section */

/* Begin PBXFileReference section */
		52F7B3341C584860009F67ED /* PokeDex.app */ = {isa = PBXFileReference; explicitFileType = wrapper.application; includeInIndex = 0; path = PokeDex.app; sourceTree = BUILT_PRODUCTS_DIR; };
		52F7B3371C584860009F67ED /* AppDelegate.swift */ = {isa = PBXFileReference; lastKnownFileType = sourcecode.swift; path = AppDelegate.swift; sourceTree = "<group>"; };
		52F7B3391C584860009F67ED /* ViewController.swift */ = {isa = PBXFileReference; lastKnownFileType = sourcecode.swift; path = ViewController.swift; sourceTree = "<group>"; };
		52F7B33C1C584860009F67ED /* Base */ = {isa = PBXFileReference; lastKnownFileType = file.storyboard; name = Base; path = Base.lproj/Main.storyboard; sourceTree = "<group>"; };
		52F7B33E1C584860009F67ED /* Assets.xcassets */ = {isa = PBXFileReference; lastKnownFileType = folder.assetcatalog; path = Assets.xcassets; sourceTree = "<group>"; };
		52F7B3411C584860009F67ED /* Base */ = {isa = PBXFileReference; lastKnownFileType = file.storyboard; name = Base; path = Base.lproj/LaunchScreen.storyboard; sourceTree = "<group>"; };
		52F7B3431C584860009F67ED /* Info.plist */ = {isa = PBXFileReference; lastKnownFileType = text.plist.xml; path = Info.plist; sourceTree = "<group>"; };
		52F7B3481C584860009F67ED /* PokeDexTests.xctest */ = {isa = PBXFileReference; explicitFileType = wrapper.cfbundle; includeInIndex = 0; path = PokeDexTests.xctest; sourceTree = BUILT_PRODUCTS_DIR; };
		52F7B34C1C584860009F67ED /* PokeDexTests.swift */ = {isa = PBXFileReference; lastKnownFileType = sourcecode.swift; path = PokeDexTests.swift; sourceTree = "<group>"; };
		52F7B34E1C584860009F67ED /* Info.plist */ = {isa = PBXFileReference; lastKnownFileType = text.plist.xml; path = Info.plist; sourceTree = "<group>"; };
		52F7B3531C584860009F67ED /* PokeDexUITests.xctest */ = {isa = PBXFileReference; explicitFileType = wrapper.cfbundle; includeInIndex = 0; path = PokeDexUITests.xctest; sourceTree = BUILT_PRODUCTS_DIR; };
		52F7B3571C584861009F67ED /* PokeDexUITests.swift */ = {isa = PBXFileReference; lastKnownFileType = sourcecode.swift; path = PokeDexUITests.swift; sourceTree = "<group>"; };
		52F7B3591C584861009F67ED /* Info.plist */ = {isa = PBXFileReference; lastKnownFileType = text.plist.xml; path = Info.plist; sourceTree = "<group>"; };
/* End PBXFileReference section */

/* Begin PBXFrameworksBuildPhase section */
		52F7B3311C584860009F67ED /* Frameworks */ = {
			isa = PBXFrameworksBuildPhase;
			buildActionMask = 2147483647;
			files = (
			);
			runOnlyForDeploymentPostprocessing = 0;
		};
		52F7B3451C584860009F67ED /* Frameworks */ = {
			isa = PBXFrameworksBuildPhase;
			buildActionMask = 2147483647;
			files = (
			);
			runOnlyForDeploymentPostprocessing = 0;
		};
		52F7B3501C584860009F67ED /* Frameworks */ = {
			isa = PBXFrameworksBuildPhase;
			buildActionMask = 2147483647;
			files = (
			);
			runOnlyForDeploymentPostprocessing = 0;
		};
/* End PBXFrameworksBuildPhase section */

/* Begin PBXGroup section */
		52F7B32B1C584860009F67ED = {
			isa = PBXGroup;
			children = (
				52F7B3361C584860009F67ED /* PokeDex */,
				52F7B34B1C584860009F67ED /* PokeDexTests */,
				52F7B3561C584861009F67ED /* PokeDexUITests */,
				52F7B3351C584860009F67ED /* Products */,
			);
			sourceTree = "<group>";
		};
		52F7B3351C584860009F67ED /* Products */ = {
			isa = PBXGroup;
			children = (
				52F7B3341C584860009F67ED /* PokeDex.app */,
				52F7B3481C584860009F67ED /* PokeDexTests.xctest */,
				52F7B3531C584860009F67ED /* PokeDexUITests.xctest */,
			);
			name = Products;
			sourceTree = "<group>";
		};
		52F7B3361C584860009F67ED /* PokeDex */ = {
			isa = PBXGroup;
			children = (
				52F7B3371C584860009F67ED /* AppDelegate.swift */,
				52F7B3391C584860009F67ED /* ViewController.swift */,
				52F7B33B1C584860009F67ED /* Main.storyboard */,
				52F7B33E1C584860009F67ED /* Assets.xcassets */,
				52F7B3401C584860009F67ED /* LaunchScreen.storyboard */,
				52F7B3431C584860009F67ED /* Info.plist */,
			);
			path = PokeDex;
			sourceTree = "<group>";
		};
		52F7B34B1C584860009F67ED /* PokeDexTests */ = {
			isa = PBXGroup;
			children = (
				52F7B34C1C584860009F67ED /* PokeDexTests.swift */,
				52F7B34E1C584860009F67ED /* Info.plist */,
			);
			path = PokeDexTests;
			sourceTree = "<group>";
		};
		52F7B3561C584861009F67ED /* PokeDexUITests */ = {
			isa = PBXGroup;
			children = (
				52F7B3571C584861009F67ED /* PokeDexUITests.swift */,
				52F7B3591C584861009F67ED /* Info.plist */,
			);
			path = PokeDexUITests;
			sourceTree = "<group>";
		};
/* End PBXGroup section */

/* Begin PBXNativeTarget section */
		52F7B3331C584860009F67ED /* PokeDex */ = {
			isa = PBXNativeTarget;
			buildConfigurationList = 52F7B35C1C584861009F67ED /* Build configuration list for PBXNativeTarget "PokeDex" */;
			buildPhases = (
				52F7B3301C584860009F67ED /* Sources */,
				52F7B3311C584860009F67ED /* Frameworks */,
				52F7B3321C584860009F67ED /* Resources */,
			);
			buildRules = (
			);
			dependencies = (
			);
			name = PokeDex;
			productName = PokeDex;
			productReference = 52F7B3341C584860009F67ED /* PokeDex.app */;
			productType = "com.apple.product-type.application";
		};
		52F7B3471C584860009F67ED /* PokeDexTests */ = {
			isa = PBXNativeTarget;
			buildConfigurationList = 52F7B35F1C584861009F67ED /* Build configuration list for PBXNativeTarget "PokeDexTests" */;
			buildPhases = (
				52F7B3441C584860009F67ED /* Sources */,
				52F7B3451C584860009F67ED /* Frameworks */,
				52F7B3461C584860009F67ED /* Resources */,
			);
			buildRules = (
			);
			dependencies = (
				52F7B34A1C584860009F67ED /* PBXTargetDependency */,
			);
			name = PokeDexTests;
			productName = PokeDexTests;
			productReference = 52F7B3481C584860009F67ED /* PokeDexTests.xctest */;
			productType = "com.apple.product-type.bundle.unit-test";
		};
		52F7B3521C584860009F67ED /* PokeDexUITests */ = {
			isa = PBXNativeTarget;
			buildConfigurationList = 52F7B3621C584861009F67ED /* Build configuration list for PBXNativeTarget "PokeDexUITests" */;
			buildPhases = (
				52F7B34F1C584860009F67ED /* Sources */,
				52F7B3501C584860009F67ED /* Frameworks */,
				52F7B3511C584860009F67ED /* Resources */,
			);
			buildRules = (
			);
			dependencies = (
				52F7B3551C584860009F67ED /* PBXTargetDependency */,
			);
			name = PokeDexUITests;
			productName = PokeDexUITests;
			productReference = 52F7B3531C584860009F67ED /* PokeDexUITests.xctest */;
			productType = "com.apple.product-type.bundle.ui-testing";
		};
/* End PBXNativeTarget section */

/* Begin PBXProject section */
		52F7B32C1C584860009F67ED /* Project object */ = {
			isa = PBXProject;
			attributes = {
				LastSwiftUpdateCheck = 0720;
				LastUpgradeCheck = 0720;
				ORGANIZATIONNAME = Luke;
				TargetAttributes = {
					52F7B3331C584860009F67ED = {
						CreatedOnToolsVersion = 7.2;
					};
					52F7B3471C584860009F67ED = {
						CreatedOnToolsVersion = 7.2;
						TestTargetID = 52F7B3331C584860009F67ED;
					};
					52F7B3521C584860009F67ED = {
						CreatedOnToolsVersion = 7.2;
						TestTargetID = 52F7B3331C584860009F67ED;
					};
				};
			};
			buildConfigurationList = 52F7B32F1C584860009F67ED /* Build configuration list for PBXProject "PokeDex" */;
			compatibilityVersion = "Xcode 3.2";
			developmentRegion = English;
			hasScannedForEncodings = 0;
			knownRegions = (
				en,
				Base,
			);
			mainGroup = 52F7B32B1C584860009F67ED;
			productRefGroup = 52F7B3351C584860009F67ED /* Products */;
			projectDirPath = "";
			projectRoot = "";
			targets = (
				52F7B3331C584860009F67ED /* PokeDex */,
				52F7B3471C584860009F67ED /* PokeDexTests */,
				52F7B3521C584860009F67ED /* PokeDexUITests */,
			);
		};
/* End PBXProject section */

/* Begin PBXResourcesBuildPhase section */
		52F7B3321C584860009F67ED /* Resources */ = {
			isa = PBXResourcesBuildPhase;
			buildActionMask = 2147483647;
			files = (
				52F7B3421C584860009F67ED /* LaunchScreen.storyboard in Resources */,
				52F7B33F1C584860009F67ED /* Assets.xcassets in Resources */,
				52F7B33D1C584860009F67ED /* Main.storyboard in Resources */,
			);
			runOnlyForDeploymentPostprocessing = 0;
		};
		52F7B3461C584860009F67ED /* Resources */ = {
			isa = PBXResourcesBuildPhase;
			buildActionMask = 2147483647;
			files = (
			);
			runOnlyForDeploymentPostprocessing = 0;
		};
		52F7B3511C584860009F67ED /* Resources */ = {
			isa = PBXResourcesBuildPhase;
			buildActionMask = 2147483647;
			files = (
			);
			runOnlyForDeploymentPostprocessing = 0;
		};
/* End PBXResourcesBuildPhase section */

/* Begin PBXSourcesBuildPhase section */
		52F7B3301C584860009F67ED /* Sources */ = {
			isa = PBXSourcesBuildPhase;
			buildActionMask = 2147483647;
			files = (
				52F7B33A1C584860009F67ED /* ViewController.swift in Sources */,
				52F7B3381C584860009F67ED /* AppDelegate.swift in Sources */,
			);
			runOnlyForDeploymentPostprocessing = 0;
		};
		52F7B3441C584860009F67ED /* Sources */ = {
			isa = PBXSourcesBuildPhase;
			buildActionMask = 2147483647;
			files = (
				52F7B34D1C584860009F67ED /* PokeDexTests.swift in Sources */,
			);
			runOnlyForDeploymentPostprocessing = 0;
		};
		52F7B34F1C584860009F67ED /* Sources */ = {
			isa = PBXSourcesBuildPhase;
			buildActionMask = 2147483647;
			files = (
				52F7B3581C584861009F67ED /* PokeDexUITests.swift in Sources */,
			);
			runOnlyForDeploymentPostprocessing = 0;
		};
/* End PBXSourcesBuildPhase section */

/* Begin PBXTargetDependency section */
		52F7B34A1C584860009F67ED /* PBXTargetDependency */ = {
			isa = PBXTargetDependency;
			target = 52F7B3331C584860009F67ED /* PokeDex */;
			targetProxy = 52F7B3491C584860009F67ED /* PBXContainerItemProxy */;
		};
		52F7B3551C584860009F67ED /* PBXTargetDependency */ = {
			isa = PBXTargetDependency;
			target = 52F7B3331C584860009F67ED /* PokeDex */;
			targetProxy = 52F7B3541C584860009F67ED /* PBXContainerItemProxy */;
		};
/* End PBXTargetDependency section */

/* Begin PBXVariantGroup section */
		52F7B33B1C584860009F67ED /* Main.storyboard */ = {
			isa = PBXVariantGroup;
			children = (
				52F7B33C1C584860009F67ED /* Base */,
			);
			name = Main.storyboard;
			sourceTree = "<group>";
		};
		52F7B3401C584860009F67ED /* LaunchScreen.storyboard */ = {
			isa = PBXVariantGroup;
			children = (
				52F7B3411C584860009F67ED /* Base */,
			);
			name = LaunchScreen.storyboard;
			sourceTree = "<group>";
		};
/* End PBXVariantGroup section */

/* Begin XCBuildConfiguration section */
		52F7B35A1C584861009F67ED /* Debug */ = {
			isa = XCBuildConfiguration;
			buildSettings = {
				ALWAYS_SEARCH_USER_PATHS = NO;
				CLANG_CXX_LANGUAGE_STANDARD = "gnu++0x";
				CLANG_CXX_LIBRARY = "libc++";
				CLANG_ENABLE_MODULES = YES;
				CLANG_ENABLE_OBJC_ARC = YES;
				CLANG_WARN_BOOL_CONVERSION = YES;
				CLANG_WARN_CONSTANT_CONVERSION = YES;
				CLANG_WARN_DIRECT_OBJC_ISA_USAGE = YES_ERROR;
				CLANG_WARN_EMPTY_BODY = YES;
				CLANG_WARN_ENUM_CONVERSION = YES;
				CLANG_WARN_INT_CONVERSION = YES;
				CLANG_WARN_OBJC_ROOT_CLASS = YES_ERROR;
				CLANG_WARN_UNREACHABLE_CODE = YES;
				CLANG_WARN__DUPLICATE_METHOD_MATCH = YES;
				"CODE_SIGN_IDENTITY[sdk=iphoneos*]" = "iPhone Developer";
				COPY_PHASE_STRIP = NO;
				DEBUG_INFORMATION_FORMAT = dwarf;
				ENABLE_STRICT_OBJC_MSGSEND = YES;
				ENABLE_TESTABILITY = YES;
				GCC_C_LANGUAGE_STANDARD = gnu99;
				GCC_DYNAMIC_NO_PIC = NO;
				GCC_NO_COMMON_BLOCKS = YES;
				GCC_OPTIMIZATION_LEVEL = 0;
				GCC_PREPROCESSOR_DEFINITIONS = (
					"DEBUG=1",
					"$(inherited)",
				);
				GCC_WARN_64_TO_32_BIT_CONVERSION = YES;
				GCC_WARN_ABOUT_RETURN_TYPE = YES_ERROR;
				GCC_WARN_UNDECLARED_SELECTOR = YES;
				GCC_WARN_UNINITIALIZED_AUTOS = YES_AGGRESSIVE;
				GCC_WARN_UNUSED_FUNCTION = YES;
				GCC_WARN_UNUSED_VARIABLE = YES;
				IPHONEOS_DEPLOYMENT_TARGET = 9.2;
				MTL_ENABLE_DEBUG_INFO = YES;
				ONLY_ACTIVE_ARCH = YES;
				SDKROOT = iphoneos;
				SWIFT_OPTIMIZATION_LEVEL = "-Onone";
				TARGETED_DEVICE_FAMILY = "1,2";
			};
			name = Debug;
		};
		52F7B35B1C584861009F67ED /* Release */ = {
			isa = XCBuildConfiguration;
			buildSettings = {
				ALWAYS_SEARCH_USER_PATHS = NO;
				CLANG_CXX_LANGUAGE_STANDARD = "gnu++0x";
				CLANG_CXX_LIBRARY = "libc++";
				CLANG_ENABLE_MODULES = YES;
				CLANG_ENABLE_OBJC_ARC = YES;
				CLANG_WARN_BOOL_CONVERSION = YES;
				CLANG_WARN_CONSTANT_CONVERSION = YES;
				CLANG_WARN_DIRECT_OBJC_ISA_USAGE = YES_ERROR;
				CLANG_WARN_EMPTY_BODY = YES;
				CLANG_WARN_ENUM_CONVERSION = YES;
				CLANG_WARN_INT_CONVERSION = YES;
				CLANG_WARN_OBJC_ROOT_CLASS = YES_ERROR;
				CLANG_WARN_UNREACHABLE_CODE = YES;
				CLANG_WARN__DUPLICATE_METHOD_MATCH = YES;
				"CODE_SIGN_IDENTITY[sdk=iphoneos*]" = "iPhone Developer";
				COPY_PHASE_STRIP = NO;
				DEBUG_INFORMATION_FORMAT = "dwarf-with-dsym";
				ENABLE_NS_ASSERTIONS = NO;
				ENABLE_STRICT_OBJC_MSGSEND = YES;
				GCC_C_LANGUAGE_STANDARD = gnu99;
				GCC_NO_COMMON_BLOCKS = YES;
				GCC_WARN_64_TO_32_BIT_CONVERSION = YES;
				GCC_WARN_ABOUT_RETURN_TYPE = YES_ERROR;
				GCC_WARN_UNDECLARED_SELECTOR = YES;
				GCC_WARN_UNINITIALIZED_AUTOS = YES_AGGRESSIVE;
				GCC_WARN_UNUSED_FUNCTION = YES;
				GCC_WARN_UNUSED_VARIABLE = YES;
				IPHONEOS_DEPLOYMENT_TARGET = 9.2;
				MTL_ENABLE_DEBUG_INFO = NO;
				SDKROOT = iphoneos;
				TARGETED_DEVICE_FAMILY = "1,2";
				VALIDATE_PRODUCT = YES;
			};
			name = Release;
		};
		52F7B35D1C584861009F67ED /* Debug */ = {
			isa = XCBuildConfiguration;
			buildSettings = {
				ASSETCATALOG_COMPILER_APPICON_NAME = AppIcon;
				INFOPLIST_FILE = PokeDex/Info.plist;
				LD_RUNPATH_SEARCH_PATHS = "$(inherited) @executable_path/Frameworks";
				PRODUCT_BUNDLE_IDENTIFIER = luke.PokeDex;
				PRODUCT_NAME = "$(TARGET_NAME)";
			};
			name = Debug;
		};
		52F7B35E1C584861009F67ED /* Release */ = {
			isa = XCBuildConfiguration;
			buildSettings = {
				ASSETCATALOG_COMPILER_APPICON_NAME = AppIcon;
				INFOPLIST_FILE = PokeDex/Info.plist;
				LD_RUNPATH_SEARCH_PATHS = "$(inherited) @executable_path/Frameworks";
				PRODUCT_BUNDLE_IDENTIFIER = luke.PokeDex;
				PRODUCT_NAME = "$(TARGET_NAME)";
			};
			name = Release;
		};
		52F7B3601C584861009F67ED /* Debug */ = {
			isa = XCBuildConfiguration;
			buildSettings = {
				BUNDLE_LOADER = "$(TEST_HOST)";
				INFOPLIST_FILE = PokeDexTests/Info.plist;
				LD_RUNPATH_SEARCH_PATHS = "$(inherited) @executable_path/Frameworks @loader_path/Frameworks";
				PRODUCT_BUNDLE_IDENTIFIER = luke.PokeDexTests;
				PRODUCT_NAME = "$(TARGET_NAME)";
				TEST_HOST = "$(BUILT_PRODUCTS_DIR)/PokeDex.app/PokeDex";
			};
			name = Debug;
		};
		52F7B3611C584861009F67ED /* Release */ = {
			isa = XCBuildConfiguration;
			buildSettings = {
				BUNDLE_LOADER = "$(TEST_HOST)";
				INFOPLIST_FILE = PokeDexTests/Info.plist;
				LD_RUNPATH_SEARCH_PATHS = "$(inherited) @executable_path/Frameworks @loader_path/Frameworks";
				PRODUCT_BUNDLE_IDENTIFIER = luke.PokeDexTests;
				PRODUCT_NAME = "$(TARGET_NAME)";
				TEST_HOST = "$(BUILT_PRODUCTS_DIR)/PokeDex.app/PokeDex";
			};
			name = Release;
		};
		52F7B3631C584861009F67ED /* Debug */ = {
			isa = XCBuildConfiguration;
			buildSettings = {
				INFOPLIST_FILE = PokeDexUITests/Info.plist;
				LD_RUNPATH_SEARCH_PATHS = "$(inherited) @executable_path/Frameworks @loader_path/Frameworks";
				PRODUCT_BUNDLE_IDENTIFIER = luke.PokeDexUITests;
				PRODUCT_NAME = "$(TARGET_NAME)";
				TEST_TARGET_NAME = PokeDex;
				USES_XCTRUNNER = YES;
			};
			name = Debug;
		};
		52F7B3641C584861009F67ED /* Release */ = {
			isa = XCBuildConfiguration;
			buildSettings = {
				INFOPLIST_FILE = PokeDexUITests/Info.plist;
				LD_RUNPATH_SEARCH_PATHS = "$(inherited) @executable_path/Frameworks @loader_path/Frameworks";
				PRODUCT_BUNDLE_IDENTIFIER = luke.PokeDexUITests;
				PRODUCT_NAME = "$(TARGET_NAME)";
				TEST_TARGET_NAME = PokeDex;
				USES_XCTRUNNER = YES;
			};
			name = Release;
		};
/* End XCBuildConfiguration section */

/* Begin XCConfigurationList section */
		52F7B32F1C584860009F67ED /* Build configuration list for PBXProject "PokeDex" */ = {
			isa = XCConfigurationList;
			buildConfigurations = (
				52F7B35A1C584861009F67ED /* Debug */,
				52F7B35B1C584861009F67ED /* Release */,
			);
			defaultConfigurationIsVisible = 0;
			defaultConfigurationName = Release;
		};
		52F7B35C1C584861009F67ED /* Build configuration list for PBXNativeTarget "PokeDex" */ = {
			isa = XCConfigurationList;
			buildConfigurations = (
				52F7B35D1C584861009F67ED /* Debug */,
				52F7B35E1C584861009F67ED /* Release */,
			);
			defaultConfigurationIsVisible = 0;
		};
		52F7B35F1C584861009F67ED /* Build configuration list for PBXNativeTarget "PokeDexTests" */ = {
			isa = XCConfigurationList;
			buildConfigurations = (
				52F7B3601C584861009F67ED /* Debug */,
				52F7B3611C584861009F67ED /* Release */,
			);
			defaultConfigurationIsVisible = 0;
		};
		52F7B3621C584861009F67ED /* Build configuration list for PBXNativeTarget "PokeDexUITests" */ = {
			isa = XCConfigurationList;
			buildConfigurations = (
				52F7B3631C584861009F67ED /* Debug */,
				52F7B3641C584861009F67ED /* Release */,
			);
			defaultConfigurationIsVisible = 0;
		};
/* End XCConfigurationList section */
	};
	rootObject = 52F7B32C1C584860009F67ED /* Project object */;
}
